
Microsoft Visual Studio Solution File, Format Version 12.00
# Visual Studio Version 16
VisualStudioVersion = 16.0.29728.190
MinimumVisualStudioVersion = 10.0.40219.1
Project("{FAE04EC0-301F-11D3-BF4B-00C04F79EFBC}") = "RiivolutionIsoBuilder", "RiivolutionIsoBuilder\RiivolutionIsoBuilder.csproj", "{8CA72FA3-7605-411E-87F1-E7E9CE976A90}"
EndProject
Global
	GlobalSection(SolutionConfigurationPlatforms) = preSolution
		Debug|Any CPU = Debug|Any CPU
		Release|Any CPU = Release|Any CPU
	EndGlobalSection
	GlobalSection(ProjectConfigurationPlatforms) = postSolution
		{8CA72FA3-7605-411E-87F1-E7E9CE976A90}.Debug|Any CPU.ActiveCfg = Debug|Any CPU
		{8CA72FA3-7605-411E-87F1-E7E9CE976A90}.Debug|Any CPU.Build.0 = Debug|Any CPU
		{8CA72FA3-7605-411E-87F1-E7E9CE976A90}.Release|Any CPU.ActiveCfg = Release|Any CPU
		{8CA72FA3-7605-411E-87F1-E7E9CE976A90}.Release|Any CPU.Build.0 = Release|Any CPU
	EndGlobalSection
	GlobalSection(SolutionProperties) = preSolution
		HideSolutionNode = FALSE
	EndGlobalSection
	GlobalSection(ExtensibilityGlobals) = postSolution
		SolutionGuid = {ABA7CBB8-5D37-4A0A-8D72-86D73D9ED496}
	EndGlobalSection
EndGlobal
